// !$*UTF8*$!
{
	archiveVersion = 1;
	classes = {
	};
	objectVersion = 55;
	objects = {

/* Begin PBXBuildFile section */
		0E0DD44F276BAF480061B90C /* AppDelegate.swift in Sources */ = {isa = PBXBuildFile; fileRef = 0E0DD44E276BAF480061B90C /* AppDelegate.swift */; };
		0E0DD451276BAF480061B90C /* SceneDelegate.swift in Sources */ = {isa = PBXBuildFile; fileRef = 0E0DD450276BAF480061B90C /* SceneDelegate.swift */; };
		0E0DD453276BAF480061B90C /* ViewController.swift in Sources */ = {isa = PBXBuildFile; fileRef = 0E0DD452276BAF480061B90C /* ViewController.swift */; };
		0E0DD456276BAF480061B90C /* Main.storyboard in Resources */ = {isa = PBXBuildFile; fileRef = 0E0DD454276BAF480061B90C /* Main.storyboard */; };
		0E0DD458276BAF4A0061B90C /* Assets.xcassets in Resources */ = {isa = PBXBuildFile; fileRef = 0E0DD457276BAF4A0061B90C /* Assets.xcassets */; };
		0E0DD45B276BAF4A0061B90C /* LaunchScreen.storyboard in Resources */ = {isa = PBXBuildFile; fileRef = 0E0DD459276BAF4A0061B90C /* LaunchScreen.storyboard */; };
		0E0DD466276BAF4A0061B90C /* TODOTests.swift in Sources */ = {isa = PBXBuildFile; fileRef = 0E0DD465276BAF4A0061B90C /* TODOTests.swift */; };
		0E0DD470276BAF4A0061B90C /* TODOUITests.swift in Sources */ = {isa = PBXBuildFile; fileRef = 0E0DD46F276BAF4A0061B90C /* TODOUITests.swift */; };
		0E0DD472276BAF4A0061B90C /* TODOUITestsLaunchTests.swift in Sources */ = {isa = PBXBuildFile; fileRef = 0E0DD471276BAF4A0061B90C /* TODOUITestsLaunchTests.swift */; };
/* End PBXBuildFile section */

/* Begin PBXContainerItemProxy section */
		0E0DD462276BAF4A0061B90C /* PBXContainerItemProxy */ = {
			isa = PBXContainerItemProxy;
			containerPortal = 0E0DD443276BAF480061B90C /* Project object */;
			proxyType = 1;
			remoteGlobalIDString = 0E0DD44A276BAF480061B90C;
			remoteInfo = TODO;
		};
		0E0DD46C276BAF4A0061B90C /* PBXContainerItemProxy */ = {
			isa = PBXContainerItemProxy;
			containerPortal = 0E0DD443276BAF480061B90C /* Project object */;
			proxyType = 1;
			remoteGlobalIDString = 0E0DD44A276BAF480061B90C;
			remoteInfo = TODO;
		};
/* End PBXContainerItemProxy section */

/* Begin PBXFileReference section */
		0E0DD44B276BAF480061B90C /* TODO.app */ = {isa = PBXFileReference; explicitFileType = wrapper.application; includeInIndex = 0; path = TODO.app; sourceTree = BUILT_PRODUCTS_DIR; };
		0E0DD44E276BAF480061B90C /* AppDelegate.swift */ = {isa = PBXFileReference; lastKnownFileType = sourcecode.swift; path = AppDelegate.swift; sourceTree = "<group>"; };
		0E0DD450276BAF480061B90C /* SceneDelegate.swift */ = {isa = PBXFileReference; lastKnownFileType = sourcecode.swift; path = SceneDelegate.swift; sourceTree = "<group>"; };
		0E0DD452276BAF480061B90C /* ViewController.swift */ = {isa = PBXFileReference; lastKnownFileType = sourcecode.swift; path = ViewController.swift; sourceTree = "<group>"; };
		0E0DD455276BAF480061B90C /* Base */ = {isa = PBXFileReference; lastKnownFileType = file.storyboard; name = Base; path = Base.lproj/Main.storyboard; sourceTree = "<group>"; };
		0E0DD457276BAF4A0061B90C /* Assets.xcassets */ = {isa = PBXFileReference; lastKnownFileType = folder.assetcatalog; path = Assets.xcassets; sourceTree = "<group>"; };
		0E0DD45A276BAF4A0061B90C /* Base */ = {isa = PBXFileReference; lastKnownFileType = file.storyboard; name = Base; path = Base.lproj/LaunchScreen.storyboard; sourceTree = "<group>"; };
		0E0DD45C276BAF4A0061B90C /* Info.plist */ = {isa = PBXFileReference; lastKnownFileType = text.plist.xml; path = Info.plist; sourceTree = "<group>"; };
		0E0DD461276BAF4A0061B90C /* TODOTests.xctest */ = {isa = PBXFileReference; explicitFileType = wrapper.cfbundle; includeInIndex = 0; path = TODOTests.xctest; sourceTree = BUILT_PRODUCTS_DIR; };
		0E0DD465276BAF4A0061B90C /* TODOTests.swift */ = {isa = PBXFileReference; lastKnownFileType = sourcecode.swift; path = TODOTests.swift; sourceTree = "<group>"; };
		0E0DD46B276BAF4A0061B90C /* TODOUITests.xctest */ = {isa = PBXFileReference; explicitFileType = wrapper.cfbundle; includeInIndex = 0; path = TODOUITests.xctest; sourceTree = BUILT_PRODUCTS_DIR; };
		0E0DD46F276BAF4A0061B90C /* TODOUITests.swift */ = {isa = PBXFileReference; lastKnownFileType = sourcecode.swift; path = TODOUITests.swift; sourceTree = "<group>"; };
		0E0DD471276BAF4A0061B90C /* TODOUITestsLaunchTests.swift */ = {isa = PBXFileReference; lastKnownFileType = sourcecode.swift; path = TODOUITestsLaunchTests.swift; sourceTree = "<group>"; };
/* End PBXFileReference section */

/* Begin PBXFrameworksBuildPhase section */
		0E0DD448276BAF480061B90C /* Frameworks */ = {
			isa = PBXFrameworksBuildPhase;
			buildActionMask = 2147483647;
			files = (
			);
			runOnlyForDeploymentPostprocessing = 0;
		};
		0E0DD45E276BAF4A0061B90C /* Frameworks */ = {
			isa = PBXFrameworksBuildPhase;
			buildActionMask = 2147483647;
			files = (
			);
			runOnlyForDeploymentPostprocessing = 0;
		};
		0E0DD468276BAF4A0061B90C /* Frameworks */ = {
			isa = PBXFrameworksBuildPhase;
			buildActionMask = 2147483647;
			files = (
			);
			runOnlyForDeploymentPostprocessing = 0;
		};
/* End PBXFrameworksBuildPhase section */

/* Begin PBXGroup section */
		0E0DD442276BAF480061B90C = {
			isa = PBXGroup;
			children = (
				0E0DD44D276BAF480061B90C /* TODO */,
				0E0DD464276BAF4A0061B90C /* TODOTests */,
				0E0DD46E276BAF4A0061B90C /* TODOUITests */,
				0E0DD44C276BAF480061B90C /* Products */,
			);
			sourceTree = "<group>";
		};
		0E0DD44C276BAF480061B90C /* Products */ = {
			isa = PBXGroup;
			children = (
				0E0DD44B276BAF480061B90C /* TODO.app */,
				0E0DD461276BAF4A0061B90C /* TODOTests.xctest */,
				0E0DD46B276BAF4A0061B90C /* TODOUITests.xctest */,
			);
			name = Products;
			sourceTree = "<group>";
		};
		0E0DD44D276BAF480061B90C /* TODO */ = {
			isa = PBXGroup;
			children = (
				0E0DD44E276BAF480061B90C /* AppDelegate.swift */,
				0E0DD450276BAF480061B90C /* SceneDelegate.swift */,
				0E0DD452276BAF480061B90C /* ViewController.swift */,
				0E0DD454276BAF480061B90C /* Main.storyboard */,
				0E0DD457276BAF4A0061B90C /* Assets.xcassets */,
				0E0DD459276BAF4A0061B90C /* LaunchScreen.storyboard */,
				0E0DD45C276BAF4A0061B90C /* Info.plist */,
			);
			path = TODO;
			sourceTree = "<group>";
		};
		0E0DD464276BAF4A0061B90C /* TODOTests */ = {
			isa = PBXGroup;
			children = (
				0E0DD465276BAF4A0061B90C /* TODOTests.swift */,
			);
			path = TODOTests;
			sourceTree = "<group>";
		};
		0E0DD46E276BAF4A0061B90C /* TODOUITests */ = {
			isa = PBXGroup;
			children = (
				0E0DD46F276BAF4A0061B90C /* TODOUITests.swift */,
				0E0DD471276BAF4A0061B90C /* TODOUITestsLaunchTests.swift */,
			);
			path = TODOUITests;
			sourceTree = "<group>";
		};
/* End PBXGroup section */

/* Begin PBXNativeTarget section */
		0E0DD44A276BAF480061B90C /* TODO */ = {
			isa = PBXNativeTarget;
			buildConfigurationList = 0E0DD475276BAF4A0061B90C /* Build configuration list for PBXNativeTarget "TODO" */;
			buildPhases = (
				0E0DD447276BAF480061B90C /* Sources */,
				0E0DD448276BAF480061B90C /* Frameworks */,
				0E0DD449276BAF480061B90C /* Resources */,
			);
			buildRules = (
			);
			dependencies = (
			);
			name = TODO;
			productName = TODO;
			productReference = 0E0DD44B276BAF480061B90C /* TODO.app */;
			productType = "com.apple.product-type.application";
		};
		0E0DD460276BAF4A0061B90C /* TODOTests */ = {
			isa = PBXNativeTarget;
			buildConfigurationList = 0E0DD478276BAF4A0061B90C /* Build configuration list for PBXNativeTarget "TODOTests" */;
			buildPhases = (
				0E0DD45D276BAF4A0061B90C /* Sources */,
				0E0DD45E276BAF4A0061B90C /* Frameworks */,
				0E0DD45F276BAF4A0061B90C /* Resources */,
			);
			buildRules = (
			);
			dependencies = (
				0E0DD463276BAF4A0061B90C /* PBXTargetDependency */,
			);
			name = TODOTests;
			productName = TODOTests;
			productReference = 0E0DD461276BAF4A0061B90C /* TODOTests.xctest */;
			productType = "com.apple.product-type.bundle.unit-test";
		};
		0E0DD46A276BAF4A0061B90C /* TODOUITests */ = {
			isa = PBXNativeTarget;
			buildConfigurationList = 0E0DD47B276BAF4A0061B90C /* Build configuration list for PBXNativeTarget "TODOUITests" */;
			buildPhases = (
				0E0DD467276BAF4A0061B90C /* Sources */,
				0E0DD468276BAF4A0061B90C /* Frameworks */,
				0E0DD469276BAF4A0061B90C /* Resources */,
			);
			buildRules = (
			);
			dependencies = (
				0E0DD46D276BAF4A0061B90C /* PBXTargetDependency */,
			);
			name = TODOUITests;
			productName = TODOUITests;
			productReference = 0E0DD46B276BAF4A0061B90C /* TODOUITests.xctest */;
			productType = "com.apple.product-type.bundle.ui-testing";
		};
/* End PBXNativeTarget section */

/* Begin PBXProject section */
		0E0DD443276BAF480061B90C /* Project object */ = {
			isa = PBXProject;
			attributes = {
				BuildIndependentTargetsInParallel = 1;
				LastSwiftUpdateCheck = 1300;
				LastUpgradeCheck = 1300;
				TargetAttributes = {
					0E0DD44A276BAF480061B90C = {
						CreatedOnToolsVersion = 13.0;
					};
					0E0DD460276BAF4A0061B90C = {
						CreatedOnToolsVersion = 13.0;
						TestTargetID = 0E0DD44A276BAF480061B90C;
					};
					0E0DD46A276BAF4A0061B90C = {
						CreatedOnToolsVersion = 13.0;
						TestTargetID = 0E0DD44A276BAF480061B90C;
					};
				};
			};
			buildConfigurationList = 0E0DD446276BAF480061B90C /* Build configuration list for PBXProject "TODO" */;
			compatibilityVersion = "Xcode 13.0";
			developmentRegion = en;
			hasScannedForEncodings = 0;
			knownRegions = (
				en,
				Base,
			);
			mainGroup = 0E0DD442276BAF480061B90C;
			productRefGroup = 0E0DD44C276BAF480061B90C /* Products */;
			projectDirPath = "";
			projectRoot = "";
			targets = (
				0E0DD44A276BAF480061B90C /* TODO */,
				0E0DD460276BAF4A0061B90C /* TODOTests */,
				0E0DD46A276BAF4A0061B90C /* TODOUITests */,
			);
		};
/* End PBXProject section */

/* Begin PBXResourcesBuildPhase section */
		0E0DD449276BAF480061B90C /* Resources */ = {
			isa = PBXResourcesBuildPhase;
			buildActionMask = 2147483647;
			files = (
				0E0DD45B276BAF4A0061B90C /* LaunchScreen.storyboard in Resources */,
				0E0DD458276BAF4A0061B90C /* Assets.xcassets in Resources */,
				0E0DD456276BAF480061B90C /* Main.storyboard in Resources */,
			);
			runOnlyForDeploymentPostprocessing = 0;
		};
		0E0DD45F276BAF4A0061B90C /* Resources */ = {
			isa = PBXResourcesBuildPhase;
			buildActionMask = 2147483647;
			files = (
			);
			runOnlyForDeploymentPostprocessing = 0;
		};
		0E0DD469276BAF4A0061B90C /* Resources */ = {
			isa = PBXResourcesBuildPhase;
			buildActionMask = 2147483647;
			files = (
			);
			runOnlyForDeploymentPostprocessing = 0;
		};
/* End PBXResourcesBuildPhase section */

/* Begin PBXSourcesBuildPhase section */
		0E0DD447276BAF480061B90C /* Sources */ = {
			isa = PBXSourcesBuildPhase;
			buildActionMask = 2147483647;
			files = (
				0E0DD453276BAF480061B90C /* ViewController.swift in Sources */,
				0E0DD44F276BAF480061B90C /* AppDelegate.swift in Sources */,
				0E0DD451276BAF480061B90C /* SceneDelegate.swift in Sources */,
			);
			runOnlyForDeploymentPostprocessing = 0;
		};
		0E0DD45D276BAF4A0061B90C /* Sources */ = {
			isa = PBXSourcesBuildPhase;
			buildActionMask = 2147483647;
			files = (
				0E0DD466276BAF4A0061B90C /* TODOTests.swift in Sources */,
			);
			runOnlyForDeploymentPostprocessing = 0;
		};
		0E0DD467276BAF4A0061B90C /* Sources */ = {
			isa = PBXSourcesBuildPhase;
			buildActionMask = 2147483647;
			files = (
				0E0DD472276BAF4A0061B90C /* TODOUITestsLaunchTests.swift in Sources */,
				0E0DD470276BAF4A0061B90C /* TODOUITests.swift in Sources */,
			);
			runOnlyForDeploymentPostprocessing = 0;
		};
/* End PBXSourcesBuildPhase section */

/* Begin PBXTargetDependency section */
		0E0DD463276BAF4A0061B90C /* PBXTargetDependency */ = {
			isa = PBXTargetDependency;
			target = 0E0DD44A276BAF480061B90C /* TODO */;
			targetProxy = 0E0DD462276BAF4A0061B90C /* PBXContainerItemProxy */;
		};
		0E0DD46D276BAF4A0061B90C /* PBXTargetDependency */ = {
			isa = PBXTargetDependency;
			target = 0E0DD44A276BAF480061B90C /* TODO */;
			targetProxy = 0E0DD46C276BAF4A0061B90C /* PBXContainerItemProxy */;
		};
/* End PBXTargetDependency section */

/* Begin PBXVariantGroup section */
		0E0DD454276BAF480061B90C /* Main.storyboard */ = {
			isa = PBXVariantGroup;
			children = (
				0E0DD455276BAF480061B90C /* Base */,
			);
			name = Main.storyboard;
			sourceTree = "<group>";
		};
		0E0DD459276BAF4A0061B90C /* LaunchScreen.storyboard */ = {
			isa = PBXVariantGroup;
			children = (
				0E0DD45A276BAF4A0061B90C /* Base */,
			);
			name = LaunchScreen.storyboard;
			sourceTree = "<group>";
		};
/* End PBXVariantGroup section */

/* Begin XCBuildConfiguration section */
		0E0DD473276BAF4A0061B90C /* Debug */ = {
			isa = XCBuildConfiguration;
			buildSettings = {
				ALWAYS_SEARCH_USER_PATHS = NO;
				CLANG_ANALYZER_NONNULL = YES;
				CLANG_ANALYZER_NUMBER_OBJECT_CONVERSION = YES_AGGRESSIVE;
				CLANG_CXX_LANGUAGE_STANDARD = "gnu++17";
				CLANG_CXX_LIBRARY = "libc++";
				CLANG_ENABLE_MODULES = YES;
				CLANG_ENABLE_OBJC_ARC = YES;
				CLANG_ENABLE_OBJC_WEAK = YES;
				CLANG_WARN_BLOCK_CAPTURE_AUTORELEASING = YES;
				CLANG_WARN_BOOL_CONVERSION = YES;
				CLANG_WARN_COMMA = YES;
				CLANG_WARN_CONSTANT_CONVERSION = YES;
				CLANG_WARN_DEPRECATED_OBJC_IMPLEMENTATIONS = YES;
				CLANG_WARN_DIRECT_OBJC_ISA_USAGE = YES_ERROR;
				CLANG_WARN_DOCUMENTATION_COMMENTS = YES;
				CLANG_WARN_EMPTY_BODY = YES;
				CLANG_WARN_ENUM_CONVERSION = YES;
				CLANG_WARN_INFINITE_RECURSION = YES;
				CLANG_WARN_INT_CONVERSION = YES;
				CLANG_WARN_NON_LITERAL_NULL_CONVERSION = YES;
				CLANG_WARN_OBJC_IMPLICIT_RETAIN_SELF = YES;
				CLANG_WARN_OBJC_LITERAL_CONVERSION = YES;
				CLANG_WARN_OBJC_ROOT_CLASS = YES_ERROR;
				CLANG_WARN_QUOTED_INCLUDE_IN_FRAMEWORK_HEADER = YES;
				CLANG_WARN_RANGE_LOOP_ANALYSIS = YES;
				CLANG_WARN_STRICT_PROTOTYPES = YES;
				CLANG_WARN_SUSPICIOUS_MOVE = YES;
				CLANG_WARN_UNGUARDED_AVAILABILITY = YES_AGGRESSIVE;
				CLANG_WARN_UNREACHABLE_CODE = YES;
				CLANG_WARN__DUPLICATE_METHOD_MATCH = YES;
				COPY_PHASE_STRIP = NO;
				DEBUG_INFORMATION_FORMAT = dwarf;
				ENABLE_STRICT_OBJC_MSGSEND = YES;
				ENABLE_TESTABILITY = YES;
				GCC_C_LANGUAGE_STANDARD = gnu11;
				GCC_DYNAMIC_NO_PIC = NO;
				GCC_NO_COMMON_BLOCKS = YES;
				GCC_OPTIMIZATION_LEVEL = 0;
				GCC_PREPROCESSOR_DEFINITIONS = (
					"DEBUG=1",
					"$(inherited)",
				);
				GCC_WARN_64_TO_32_BIT_CONVERSION = YES;
				GCC_WARN_ABOUT_RETURN_TYPE = YES_ERROR;
				GCC_WARN_UNDECLARED_SELECTOR = YES;
				GCC_WARN_UNINITIALIZED_AUTOS = YES_AGGRESSIVE;
				GCC_WARN_UNUSED_FUNCTION = YES;
				GCC_WARN_UNUSED_VARIABLE = YES;
				IPHONEOS_DEPLOYMENT_TARGET = 15.0;
				MTL_ENABLE_DEBUG_INFO = INCLUDE_SOURCE;
				MTL_FAST_MATH = YES;
				ONLY_ACTIVE_ARCH = YES;
				SDKROOT = iphoneos;
				SWIFT_ACTIVE_COMPILATION_CONDITIONS = DEBUG;
				SWIFT_OPTIMIZATION_LEVEL = "-Onone";
			};
			name = Debug;
		};
		0E0DD474276BAF4A0061B90C /* Release */ = {
			isa = XCBuildConfiguration;
			buildSettings = {
				ALWAYS_SEARCH_USER_PATHS = NO;
				CLANG_ANALYZER_NONNULL = YES;
				CLANG_ANALYZER_NUMBER_OBJECT_CONVERSION = YES_AGGRESSIVE;
				CLANG_CXX_LANGUAGE_STANDARD = "gnu++17";
				CLANG_CXX_LIBRARY = "libc++";
				CLANG_ENABLE_MODULES = YES;
				CLANG_ENABLE_OBJC_ARC = YES;
				CLANG_ENABLE_OBJC_WEAK = YES;
				CLANG_WARN_BLOCK_CAPTURE_AUTORELEASING = YES;
				CLANG_WARN_BOOL_CONVERSION = YES;
				CLANG_WARN_COMMA = YES;
				CLANG_WARN_CONSTANT_CONVERSION = YES;
				CLANG_WARN_DEPRECATED_OBJC_IMPLEMENTATIONS = YES;
				CLANG_WARN_DIRECT_OBJC_ISA_USAGE = YES_ERROR;
				CLANG_WARN_DOCUMENTATION_COMMENTS = YES;
				CLANG_WARN_EMPTY_BODY = YES;
				CLANG_WARN_ENUM_CONVERSION = YES;
				CLANG_WARN_INFINITE_RECURSION = YES;
				CLANG_WARN_INT_CONVERSION = YES;
				CLANG_WARN_NON_LITERAL_NULL_CONVERSION = YES;
				CLANG_WARN_OBJC_IMPLICIT_RETAIN_SELF = YES;
				CLANG_WARN_OBJC_LITERAL_CONVERSION = YES;
				CLANG_WARN_OBJC_ROOT_CLASS = YES_ERROR;
				CLANG_WARN_QUOTED_INCLUDE_IN_FRAMEWORK_HEADER = YES;
				CLANG_WARN_RANGE_LOOP_ANALYSIS = YES;
				CLANG_WARN_STRICT_PROTOTYPES = YES;
				CLANG_WARN_SUSPICIOUS_MOVE = YES;
				CLANG_WARN_UNGUARDED_AVAILABILITY = YES_AGGRESSIVE;
				CLANG_WARN_UNREACHABLE_CODE = YES;
				CLANG_WARN__DUPLICATE_METHOD_MATCH = YES;
				COPY_PHASE_STRIP = NO;
				DEBUG_INFORMATION_FORMAT = "dwarf-with-dsym";
				ENABLE_NS_ASSERTIONS = NO;
				ENABLE_STRICT_OBJC_MSGSEND = YES;
				GCC_C_LANGUAGE_STANDARD = gnu11;
				GCC_NO_COMMON_BLOCKS = YES;
				GCC_WARN_64_TO_32_BIT_CONVERSION = YES;
				GCC_WARN_ABOUT_RETURN_TYPE = YES_ERROR;
				GCC_WARN_UNDECLARED_SELECTOR = YES;
				GCC_WARN_UNINITIALIZED_AUTOS = YES_AGGRESSIVE;
				GCC_WARN_UNUSED_FUNCTION = YES;
				GCC_WARN_UNUSED_VARIABLE = YES;
				IPHONEOS_DEPLOYMENT_TARGET = 15.0;
				MTL_ENABLE_DEBUG_INFO = NO;
				MTL_FAST_MATH = YES;
				SDKROOT = iphoneos;
				SWIFT_COMPILATION_MODE = wholemodule;
				SWIFT_OPTIMIZATION_LEVEL = "-O";
				VALIDATE_PRODUCT = YES;
			};
			name = Release;
		};
		0E0DD476276BAF4A0061B90C /* Debug */ = {
			isa = XCBuildConfiguration;
			buildSettings = {
				ASSETCATALOG_COMPILER_APPICON_NAME = AppIcon;
				ASSETCATALOG_COMPILER_GLOBAL_ACCENT_COLOR_NAME = AccentColor;
				CODE_SIGN_STYLE = Automatic;
				CURRENT_PROJECT_VERSION = 1;
				DEVELOPMENT_TEAM = KF33F633BX;
				GENERATE_INFOPLIST_FILE = YES;
				INFOPLIST_FILE = TODO/Info.plist;
				INFOPLIST_KEY_UIApplicationSupportsIndirectInputEvents = YES;
				INFOPLIST_KEY_UILaunchStoryboardName = LaunchScreen;
				INFOPLIST_KEY_UIMainStoryboardFile = Main;
				INFOPLIST_KEY_UISupportedInterfaceOrientations_iPad = "UIInterfaceOrientationPortrait UIInterfaceOrientationPortraitUpsideDown UIInterfaceOrientationLandscapeLeft UIInterfaceOrientationLandscapeRight";
				INFOPLIST_KEY_UISupportedInterfaceOrientations_iPhone = "UIInterfaceOrientationPortrait UIInterfaceOrientationLandscapeLeft UIInterfaceOrientationLandscapeRight";
				LD_RUNPATH_SEARCH_PATHS = (
					"$(inherited)",
					"@executable_path/Frameworks",
				);
				MARKETING_VERSION = 1.0;
				PRODUCT_BUNDLE_IDENTIFIER = "com.todo-pitter.TODO";
				PRODUCT_NAME = "$(TARGET_NAME)";
				SWIFT_EMIT_LOC_STRINGS = YES;
				SWIFT_VERSION = 5.0;
				TARGETED_DEVICE_FAMILY = "1,2";
			};
			name = Debug;
		};
		0E0DD477276BAF4A0061B90C /* Release */ = {
			isa = XCBuildConfiguration;
			buildSettings = {
				ASSETCATALOG_COMPILER_APPICON_NAME = AppIcon;
				ASSETCATALOG_COMPILER_GLOBAL_ACCENT_COLOR_NAME = AccentColor;
				CODE_SIGN_STYLE = Automatic;
				CURRENT_PROJECT_VERSION = 1;
				DEVELOPMENT_TEAM = KF33F633BX;
				GENERATE_INFOPLIST_FILE = YES;
				INFOPLIST_FILE = TODO/Info.plist;
				INFOPLIST_KEY_UIApplicationSupportsIndirectInputEvents = YES;
				INFOPLIST_KEY_UILaunchStoryboardName = LaunchScreen;
				INFOPLIST_KEY_UIMainStoryboardFile = Main;
				INFOPLIST_KEY_UISupportedInterfaceOrientations_iPad = "UIInterfaceOrientationPortrait UIInterfaceOrientationPortraitUpsideDown UIInterfaceOrientationLandscapeLeft UIInterfaceOrientationLandscapeRight";
				INFOPLIST_KEY_UISupportedInterfaceOrientations_iPhone = "UIInterfaceOrientationPortrait UIInterfaceOrientationLandscapeLeft UIInterfaceOrientationLandscapeRight";
				LD_RUNPATH_SEARCH_PATHS = (
					"$(inherited)",
					"@executable_path/Frameworks",
				);
				MARKETING_VERSION = 1.0;
				PRODUCT_BUNDLE_IDENTIFIER = "com.todo-pitter.TODO";
				PRODUCT_NAME = "$(TARGET_NAME)";
				SWIFT_EMIT_LOC_STRINGS = YES;
				SWIFT_VERSION = 5.0;
				TARGETED_DEVICE_FAMILY = "1,2";
			};
			name = Release;
		};
		0E0DD479276BAF4A0061B90C /* Debug */ = {
			isa = XCBuildConfiguration;
			buildSettings = {
				ALWAYS_EMBED_SWIFT_STANDARD_LIBRARIES = YES;
				BUNDLE_LOADER = "$(TEST_HOST)";
				CODE_SIGN_STYLE = Automatic;
				CURRENT_PROJECT_VERSION = 1;
				DEVELOPMENT_TEAM = KF33F633BX;
				GENERATE_INFOPLIST_FILE = YES;
				IPHONEOS_DEPLOYMENT_TARGET = 15.0;
				LD_RUNPATH_SEARCH_PATHS = (
					"$(inherited)",
					"@executable_path/Frameworks",
					"@loader_path/Frameworks",
				);
				MARKETING_VERSION = 1.0;
				PRODUCT_BUNDLE_IDENTIFIER = "com.todo-pitter.TODOTests";
				PRODUCT_NAME = "$(TARGET_NAME)";
				SWIFT_EMIT_LOC_STRINGS = NO;
				SWIFT_VERSION = 5.0;
				TARGETED_DEVICE_FAMILY = "1,2";
				TEST_HOST = "$(BUILT_PRODUCTS_DIR)/TODO.app/TODO";
			};
			name = Debug;
		};
		0E0DD47A276BAF4A0061B90C /* Release */ = {
			isa = XCBuildConfiguration;
			buildSettings = {
				ALWAYS_EMBED_SWIFT_STANDARD_LIBRARIES = YES;
				BUNDLE_LOADER = "$(TEST_HOST)";
				CODE_SIGN_STYLE = Automatic;
				CURRENT_PROJECT_VERSION = 1;
				DEVELOPMENT_TEAM = KF33F633BX;
				GENERATE_INFOPLIST_FILE = YES;
				IPHONEOS_DEPLOYMENT_TARGET = 15.0;
				LD_RUNPATH_SEARCH_PATHS = (
					"$(inherited)",
					"@executable_path/Frameworks",
					"@loader_path/Frameworks",
				);
				MARKETING_VERSION = 1.0;
				PRODUCT_BUNDLE_IDENTIFIER = "com.todo-pitter.TODOTests";
				PRODUCT_NAME = "$(TARGET_NAME)";
				SWIFT_EMIT_LOC_STRINGS = NO;
				SWIFT_VERSION = 5.0;
				TARGETED_DEVICE_FAMILY = "1,2";
				TEST_HOST = "$(BUILT_PRODUCTS_DIR)/TODO.app/TODO";
			};
			name = Release;
		};
		0E0DD47C276BAF4A0061B90C /* Debug */ = {
			isa = XCBuildConfiguration;
			buildSettings = {
				ALWAYS_EMBED_SWIFT_STANDARD_LIBRARIES = YES;
				CODE_SIGN_STYLE = Automatic;
				CURRENT_PROJECT_VERSION = 1;
				DEVELOPMENT_TEAM = KF33F633BX;
				GENERATE_INFOPLIST_FILE = YES;
				LD_RUNPATH_SEARCH_PATHS = (
					"$(inherited)",
					"@executable_path/Frameworks",
					"@loader_path/Frameworks",
				);
				MARKETING_VERSION = 1.0;
				PRODUCT_BUNDLE_IDENTIFIER = "com.todo-pitter.TODOUITests";
				PRODUCT_NAME = "$(TARGET_NAME)";
				SWIFT_EMIT_LOC_STRINGS = NO;
				SWIFT_VERSION = 5.0;
				TARGETED_DEVICE_FAMILY = "1,2";
				TEST_TARGET_NAME = TODO;
			};
			name = Debug;
		};
		0E0DD47D276BAF4A0061B90C /* Release */ = {
			isa = XCBuildConfiguration;
			buildSettings = {
				ALWAYS_EMBED_SWIFT_STANDARD_LIBRARIES = YES;
				CODE_SIGN_STYLE = Automatic;
				CURRENT_PROJECT_VERSION = 1;
				DEVELOPMENT_TEAM = KF33F633BX;
				GENERATE_INFOPLIST_FILE = YES;
				LD_RUNPATH_SEARCH_PATHS = (
					"$(inherited)",
					"@executable_path/Frameworks",
					"@loader_path/Frameworks",
				);
				MARKETING_VERSION = 1.0;
				PRODUCT_BUNDLE_IDENTIFIER = "com.todo-pitter.TODOUITests";
				PRODUCT_NAME = "$(TARGET_NAME)";
				SWIFT_EMIT_LOC_STRINGS = NO;
				SWIFT_VERSION = 5.0;
				TARGETED_DEVICE_FAMILY = "1,2";
				TEST_TARGET_NAME = TODO;
			};
			name = Release;
		};
/* End XCBuildConfiguration section */

/* Begin XCConfigurationList section */
		0E0DD446276BAF480061B90C /* Build configuration list for PBXProject "TODO" */ = {
			isa = XCConfigurationList;
			buildConfigurations = (
				0E0DD473276BAF4A0061B90C /* Debug */,
				0E0DD474276BAF4A0061B90C /* Release */,
			);
			defaultConfigurationIsVisible = 0;
			defaultConfigurationName = Release;
		};
		0E0DD475276BAF4A0061B90C /* Build configuration list for PBXNativeTarget "TODO" */ = {
			isa = XCConfigurationList;
			buildConfigurations = (
				0E0DD476276BAF4A0061B90C /* Debug */,
				0E0DD477276BAF4A0061B90C /* Release */,
			);
			defaultConfigurationIsVisible = 0;
			defaultConfigurationName = Release;
		};
		0E0DD478276BAF4A0061B90C /* Build configuration list for PBXNativeTarget "TODOTests" */ = {
			isa = XCConfigurationList;
			buildConfigurations = (
				0E0DD479276BAF4A0061B90C /* Debug */,
				0E0DD47A276BAF4A0061B90C /* Release */,
			);
			defaultConfigurationIsVisible = 0;
			defaultConfigurationName = Release;
		};
		0E0DD47B276BAF4A0061B90C /* Build configuration list for PBXNativeTarget "TODOUITests" */ = {
			isa = XCConfigurationList;
			buildConfigurations = (
				0E0DD47C276BAF4A0061B90C /* Debug */,
				0E0DD47D276BAF4A0061B90C /* Release */,
			);
			defaultConfigurationIsVisible = 0;
			defaultConfigurationName = Release;
		};
/* End XCConfigurationList section */
	};
	rootObject = 0E0DD443276BAF480061B90C /* Project object */;
}
